PODS:
  - ECSlidingViewController (2.0.3)
  - Kiwi (2.4.0)

DEPENDENCIES:
  - ECSlidingViewController (from `../`)
  - Kiwi (~> 2.4)

EXTERNAL SOURCES:
  ECSlidingViewController:
    :path: ../

SPEC CHECKSUMS:
  ECSlidingViewController: 29d127209304574a2f8d01152d5fee4d841cccdc
  Kiwi: f49c9d54b28917df5928fe44968a39ed198cb8a8

PODFILE CHECKSUM: f7594bf24a3c9fa669f13a8f4cfa543278fe63cf

COCOAPODS: 1.0.0
